
Microsoft Visual Studio Solution File, Format Version 12.00
# Visual Studio Version 17
VisualStudioVersion = 17.0.32014.148
MinimumVisualStudioVersion = 10.0.40219.1
Project("{FAE04EC0-301F-11D3-BF4B-00C04F79EFBC}") = "IEAutoRefresh.ConsoleApp", "src\IEAutoRefresh.ConsoleApp\IEAutoRefresh.ConsoleApp.csproj", "{A770F20C-B36D-42B7-BE65-1A371D457260}"
EndProject
Global
	GlobalSection(SolutionConfigurationPlatforms) = preSolution
		Debug|Any CPU = Debug|Any CPU
		Release|Any CPU = Release|Any CPU
	EndGlobalSection
	GlobalSection(ProjectConfigurationPlatforms) = postSolution
		{A770F20C-B36D-42B7-BE65-1A371D457260}.Debug|Any CPU.ActiveCfg = Debug|Any CPU
		{A770F20C-B36D-42B7-BE65-1A371D457260}.Debug|Any CPU.Build.0 = Debug|Any CPU
		{A770F20C-B36D-42B7-BE65-1A371D457260}.Release|Any CPU.ActiveCfg = Release|Any CPU
		{A770F20C-B36D-42B7-BE65-1A371D457260}.Release|Any CPU.Build.0 = Release|Any CPU
	EndGlobalSection
	GlobalSection(SolutionProperties) = preSolution
		HideSolutionNode = FALSE
	EndGlobalSection
	GlobalSection(ExtensibilityGlobals) = postSolution
		SolutionGuid = {9C6DCF23-1071-499E-8875-B6F2805CADC9}
	EndGlobalSection
EndGlobal
